// !$*UTF8*$!
{
	archiveVersion = 1;
	classes = {
	};
	objectVersion = 46;
	objects = {

/* Begin PBXBuildFile section */
		3095D61F1CAA18A3009219FC /* UIView+Extension.m in Sources */ = {isa = PBXBuildFile; fileRef = 3095D61E1CAA18A3009219FC /* UIView+Extension.m */; };
		D7FC89F51CA968CA00816171 /* main.m in Sources */ = {isa = PBXBuildFile; fileRef = D7FC89F41CA968CA00816171 /* main.m */; };
		D7FC89F81CA968CA00816171 /* AppDelegate.m in Sources */ = {isa = PBXBuildFile; fileRef = D7FC89F71CA968CA00816171 /* AppDelegate.m */; };
		D7FC89FB1CA968CA00816171 /* ViewController.m in Sources */ = {isa = PBXBuildFile; fileRef = D7FC89FA1CA968CA00816171 /* ViewController.m */; };
		D7FC89FE1CA968CA00816171 /* Main.storyboard in Resources */ = {isa = PBXBuildFile; fileRef = D7FC89FC1CA968CA00816171 /* Main.storyboard */; };
		D7FC8A001CA968CA00816171 /* Assets.xcassets in Resources */ = {isa = PBXBuildFile; fileRef = D7FC89FF1CA968CA00816171 /* Assets.xcassets */; };
		D7FC8A031CA968CA00816171 /* LaunchScreen.storyboard in Resources */ = {isa = PBXBuildFile; fileRef = D7FC8A011CA968CA00816171 /* LaunchScreen.storyboard */; };
		D7FC8A0D1CA96A6800816171 /* LBNewsView.m in Sources */ = {isa = PBXBuildFile; fileRef = D7FC8A0C1CA96A6800816171 /* LBNewsView.m */; };
		D7FC8A101CA96E6D00816171 /* LBScrollTabbar.m in Sources */ = {isa = PBXBuildFile; fileRef = D7FC8A0F1CA96E6D00816171 /* LBScrollTabbar.m */; };
/* End PBXBuildFile section */

/* Begin PBXFileReference section */
		3095D61D1CAA18A3009219FC /* UIView+Extension.h */ = {isa = PBXFileReference; fileEncoding = 4; lastKnownFileType = sourcecode.c.h; path = "UIView+Extension.h"; sourceTree = "<group>"; };
		3095D61E1CAA18A3009219FC /* UIView+Extension.m */ = {isa = PBXFileReference; fileEncoding = 4; lastKnownFileType = sourcecode.c.objc; path = "UIView+Extension.m"; sourceTree = "<group>"; };
		D7FC89F01CA968CA00816171 /* LBNewsViewDemo.app */ = {isa = PBXFileReference; explicitFileType = wrapper.application; includeInIndex = 0; path = LBNewsViewDemo.app; sourceTree = BUILT_PRODUCTS_DIR; };
		D7FC89F41CA968CA00816171 /* main.m */ = {isa = PBXFileReference; lastKnownFileType = sourcecode.c.objc; path = main.m; sourceTree = "<group>"; };
		D7FC89F61CA968CA00816171 /* AppDelegate.h */ = {isa = PBXFileReference; lastKnownFileType = sourcecode.c.h; path = AppDelegate.h; sourceTree = "<group>"; };
		D7FC89F71CA968CA00816171 /* AppDelegate.m */ = {isa = PBXFileReference; lastKnownFileType = sourcecode.c.objc; path = AppDelegate.m; sourceTree = "<group>"; };
		D7FC89F91CA968CA00816171 /* ViewController.h */ = {isa = PBXFileReference; lastKnownFileType = sourcecode.c.h; path = ViewController.h; sourceTree = "<group>"; };
		D7FC89FA1CA968CA00816171 /* ViewController.m */ = {isa = PBXFileReference; lastKnownFileType = sourcecode.c.objc; path = ViewController.m; sourceTree = "<group>"; };
		D7FC89FD1CA968CA00816171 /* Base */ = {isa = PBXFileReference; lastKnownFileType = file.storyboard; name = Base; path = Base.lproj/Main.storyboard; sourceTree = "<group>"; };
		D7FC89FF1CA968CA00816171 /* Assets.xcassets */ = {isa = PBXFileReference; lastKnownFileType = folder.assetcatalog; path = Assets.xcassets; sourceTree = "<group>"; };
		D7FC8A021CA968CA00816171 /* Base */ = {isa = PBXFileReference; lastKnownFileType = file.storyboard; name = Base; path = Base.lproj/LaunchScreen.storyboard; sourceTree = "<group>"; };
		D7FC8A041CA968CA00816171 /* Info.plist */ = {isa = PBXFileReference; lastKnownFileType = text.plist.xml; path = Info.plist; sourceTree = "<group>"; };
		D7FC8A0B1CA96A6800816171 /* LBNewsView.h */ = {isa = PBXFileReference; fileEncoding = 4; lastKnownFileType = sourcecode.c.h; path = LBNewsView.h; sourceTree = "<group>"; };
		D7FC8A0C1CA96A6800816171 /* LBNewsView.m */ = {isa = PBXFileReference; fileEncoding = 4; lastKnownFileType = sourcecode.c.objc; path = LBNewsView.m; sourceTree = "<group>"; };
		D7FC8A0E1CA96E6D00816171 /* LBScrollTabbar.h */ = {isa = PBXFileReference; fileEncoding = 4; lastKnownFileType = sourcecode.c.h; path = LBScrollTabbar.h; sourceTree = "<group>"; };
		D7FC8A0F1CA96E6D00816171 /* LBScrollTabbar.m */ = {isa = PBXFileReference; fileEncoding = 4; lastKnownFileType = sourcecode.c.objc; path = LBScrollTabbar.m; sourceTree = "<group>"; };
/* End PBXFileReference section */

/* Begin PBXFrameworksBuildPhase section */
		D7FC89ED1CA968CA00816171 /* Frameworks */ = {
			isa = PBXFrameworksBuildPhase;
			buildActionMask = 2147483647;
			files = (
			);
			runOnlyForDeploymentPostprocessing = 0;
		};
/* End PBXFrameworksBuildPhase section */

/* Begin PBXGroup section */
		D7FC89E71CA968CA00816171 = {
			isa = PBXGroup;
			children = (
				D7FC89F21CA968CA00816171 /* LBNewsViewDemo */,
				D7FC89F11CA968CA00816171 /* Products */,
			);
			sourceTree = "<group>";
		};
		D7FC89F11CA968CA00816171 /* Products */ = {
			isa = PBXGroup;
			children = (
				D7FC89F01CA968CA00816171 /* LBNewsViewDemo.app */,
			);
			name = Products;
			sourceTree = "<group>";
		};
		D7FC89F21CA968CA00816171 /* LBNewsViewDemo */ = {
			isa = PBXGroup;
			children = (
				D7FC8A0A1CA96A2F00816171 /* LBNewsView */,
				D7FC89F61CA968CA00816171 /* AppDelegate.h */,
				D7FC89F71CA968CA00816171 /* AppDelegate.m */,
				D7FC89F91CA968CA00816171 /* ViewController.h */,
				D7FC89FA1CA968CA00816171 /* ViewController.m */,
				D7FC89FC1CA968CA00816171 /* Main.storyboard */,
				D7FC89FF1CA968CA00816171 /* Assets.xcassets */,
				D7FC8A011CA968CA00816171 /* LaunchScreen.storyboard */,
				D7FC8A041CA968CA00816171 /* Info.plist */,
				D7FC89F31CA968CA00816171 /* Supporting Files */,
			);
			path = LBNewsViewDemo;
			sourceTree = "<group>";
		};
		D7FC89F31CA968CA00816171 /* Supporting Files */ = {
			isa = PBXGroup;
			children = (
				D7FC89F41CA968CA00816171 /* main.m */,
			);
			name = "Supporting Files";
			sourceTree = "<group>";
		};
		D7FC8A0A1CA96A2F00816171 /* LBNewsView */ = {
			isa = PBXGroup;
			children = (
				3095D61D1CAA18A3009219FC /* UIView+Extension.h */,
				3095D61E1CAA18A3009219FC /* UIView+Extension.m */,
				D7FC8A0B1CA96A6800816171 /* LBNewsView.h */,
				D7FC8A0C1CA96A6800816171 /* LBNewsView.m */,
				D7FC8A0E1CA96E6D00816171 /* LBScrollTabbar.h */,
				D7FC8A0F1CA96E6D00816171 /* LBScrollTabbar.m */,
			);
			path = LBNewsView;
			sourceTree = "<group>";
		};
/* End PBXGroup section */

/* Begin PBXNativeTarget section */
		D7FC89EF1CA968CA00816171 /* LBNewsViewDemo */ = {
			isa = PBXNativeTarget;
			buildConfigurationList = D7FC8A071CA968CA00816171 /* Build configuration list for PBXNativeTarget "LBNewsViewDemo" */;
			buildPhases = (
				D7FC89EC1CA968CA00816171 /* Sources */,
				D7FC89ED1CA968CA00816171 /* Frameworks */,
				D7FC89EE1CA968CA00816171 /* Resources */,
			);
			buildRules = (
			);
			dependencies = (
			);
			name = LBNewsViewDemo;
			productName = LBNewsViewDemo;
			productReference = D7FC89F01CA968CA00816171 /* LBNewsViewDemo.app */;
			productType = "com.apple.product-type.application";
		};
/* End PBXNativeTarget section */

/* Begin PBXProject section */
		D7FC89E81CA968CA00816171 /* Project object */ = {
			isa = PBXProject;
			attributes = {
				LastUpgradeCheck = 0720;
				ORGANIZATIONNAME = "刘柏杉";
				TargetAttributes = {
					D7FC89EF1CA968CA00816171 = {
						CreatedOnToolsVersion = 7.2.1;
						DevelopmentTeam = F9E2WG3P7K;
					};
				};
			};
			buildConfigurationList = D7FC89EB1CA968CA00816171 /* Build configuration list for PBXProject "LBNewsViewDemo" */;
			compatibilityVersion = "Xcode 3.2";
			developmentRegion = English;
			hasScannedForEncodings = 0;
			knownRegions = (
				en,
				Base,
			);
			mainGroup = D7FC89E71CA968CA00816171;
			productRefGroup = D7FC89F11CA968CA00816171 /* Products */;
			projectDirPath = "";
			projectRoot = "";
			targets = (
				D7FC89EF1CA968CA00816171 /* LBNewsViewDemo */,
			);
		};
/* End PBXProject section */

/* Begin PBXResourcesBuildPhase section */
		D7FC89EE1CA968CA00816171 /* Resources */ = {
			isa = PBXResourcesBuildPhase;
			buildActionMask = 2147483647;
			files = (
				D7FC8A031CA968CA00816171 /* LaunchScreen.storyboard in Resources */,
				D7FC8A001CA968CA00816171 /* Assets.xcassets in Resources */,
				D7FC89FE1CA968CA00816171 /* Main.storyboard in Resources */,
			);
			runOnlyForDeploymentPostprocessing = 0;
		};
/* End PBXResourcesBuildPhase section */

/* Begin PBXSourcesBuildPhase section */
		D7FC89EC1CA968CA00816171 /* Sources */ = {
			isa = PBXSourcesBuildPhase;
			buildActionMask = 2147483647;
			files = (
				3095D61F1CAA18A3009219FC /* UIView+Extension.m in Sources */,
				D7FC89FB1CA968CA00816171 /* ViewController.m in Sources */,
				D7FC8A0D1CA96A6800816171 /* LBNewsView.m in Sources */,
				D7FC89F81CA968CA00816171 /* AppDelegate.m in Sources */,
				D7FC89F51CA968CA00816171 /* main.m in Sources */,
				D7FC8A101CA96E6D00816171 /* LBScrollTabbar.m in Sources */,
			);
			runOnlyForDeploymentPostprocessing = 0;
		};
/* End PBXSourcesBuildPhase section */

/* Begin PBXVariantGroup section */
		D7FC89FC1CA968CA00816171 /* Main.storyboard */ = {
			isa = PBXVariantGroup;
			children = (
				D7FC89FD1CA968CA00816171 /* Base */,
			);
			name = Main.storyboard;
			sourceTree = "<group>";
		};
		D7FC8A011CA968CA00816171 /* LaunchScreen.storyboard */ = {
			isa = PBXVariantGroup;
			children = (
				D7FC8A021CA968CA00816171 /* Base */,
			);
			name = LaunchScreen.storyboard;
			sourceTree = "<group>";
		};
/* End PBXVariantGroup section */

/* Begin XCBuildConfiguration section */
		D7FC8A051CA968CA00816171 /* Debug */ = {
			isa = XCBuildConfiguration;
			buildSettings = {
				ALWAYS_SEARCH_USER_PATHS = NO;
				CLANG_CXX_LANGUAGE_STANDARD = "gnu++0x";
				CLANG_CXX_LIBRARY = "libc++";
				CLANG_ENABLE_MODULES = YES;
				CLANG_ENABLE_OBJC_ARC = YES;
				CLANG_WARN_BOOL_CONVERSION = YES;
				CLANG_WARN_CONSTANT_CONVERSION = YES;
				CLANG_WARN_DIRECT_OBJC_ISA_USAGE = YES_ERROR;
				CLANG_WARN_EMPTY_BODY = YES;
				CLANG_WARN_ENUM_CONVERSION = YES;
				CLANG_WARN_INT_CONVERSION = YES;
				CLANG_WARN_OBJC_ROOT_CLASS = YES_ERROR;
				CLANG_WARN_UNREACHABLE_CODE = YES;
				CLANG_WARN__DUPLICATE_METHOD_MATCH = YES;
				"CODE_SIGN_IDENTITY[sdk=iphoneos*]" = "iPhone Developer";
				COPY_PHASE_STRIP = NO;
				DEBUG_INFORMATION_FORMAT = dwarf;
				ENABLE_STRICT_OBJC_MSGSEND = YES;
				ENABLE_TESTABILITY = YES;
				GCC_C_LANGUAGE_STANDARD = gnu99;
				GCC_DYNAMIC_NO_PIC = NO;
				GCC_NO_COMMON_BLOCKS = YES;
				GCC_OPTIMIZATION_LEVEL = 0;
				GCC_PREPROCESSOR_DEFINITIONS = (
					"DEBUG=1",
					"$(inherited)",
				);
				GCC_WARN_64_TO_32_BIT_CONVERSION = YES;
				GCC_WARN_ABOUT_RETURN_TYPE = YES_ERROR;
				GCC_WARN_UNDECLARED_SELECTOR = YES;
				GCC_WARN_UNINITIALIZED_AUTOS = YES_AGGRESSIVE;
				GCC_WARN_UNUSED_FUNCTION = YES;
				GCC_WARN_UNUSED_VARIABLE = YES;
				IPHONEOS_DEPLOYMENT_TARGET = 9.2;
				MTL_ENABLE_DEBUG_INFO = YES;
				ONLY_ACTIVE_ARCH = YES;
				SDKROOT = iphoneos;
			};
			name = Debug;
		};
		D7FC8A061CA968CA00816171 /* Release */ = {
			isa = XCBuildConfiguration;
			buildSettings = {
				ALWAYS_SEARCH_USER_PATHS = NO;
				CLANG_CXX_LANGUAGE_STANDARD = "gnu++0x";
				CLANG_CXX_LIBRARY = "libc++";
				CLANG_ENABLE_MODULES = YES;
				CLANG_ENABLE_OBJC_ARC = YES;
				CLANG_WARN_BOOL_CONVERSION = YES;
				CLANG_WARN_CONSTANT_CONVERSION = YES;
				CLANG_WARN_DIRECT_OBJC_ISA_USAGE = YES_ERROR;
				CLANG_WARN_EMPTY_BODY = YES;
				CLANG_WARN_ENUM_CONVERSION = YES;
				CLANG_WARN_INT_CONVERSION = YES;
				CLANG_WARN_OBJC_ROOT_CLASS = YES_ERROR;
				CLANG_WARN_UNREACHABLE_CODE = YES;
				CLANG_WARN__DUPLICATE_METHOD_MATCH = YES;
				"CODE_SIGN_IDENTITY[sdk=iphoneos*]" = "iPhone Developer";
				COPY_PHASE_STRIP = NO;
				DEBUG_INFORMATION_FORMAT = "dwarf-with-dsym";
				ENABLE_NS_ASSERTIONS = NO;
				ENABLE_STRICT_OBJC_MSGSEND = YES;
				GCC_C_LANGUAGE_STANDARD = gnu99;
				GCC_NO_COMMON_BLOCKS = YES;
				GCC_WARN_64_TO_32_BIT_CONVERSION = YES;
				GCC_WARN_ABOUT_RETURN_TYPE = YES_ERROR;
				GCC_WARN_UNDECLARED_SELECTOR = YES;
				GCC_WARN_UNINITIALIZED_AUTOS = YES_AGGRESSIVE;
				GCC_WARN_UNUSED_FUNCTION = YES;
				GCC_WARN_UNUSED_VARIABLE = YES;
				IPHONEOS_DEPLOYMENT_TARGET = 9.2;
				MTL_ENABLE_DEBUG_INFO = NO;
				SDKROOT = iphoneos;
				VALIDATE_PRODUCT = YES;
			};
			name = Release;
		};
		D7FC8A081CA968CA00816171 /* Debug */ = {
			isa = XCBuildConfiguration;
			buildSettings = {
				ASSETCATALOG_COMPILER_APPICON_NAME = AppIcon;
				CODE_SIGN_IDENTITY = "iPhone Developer";
				"CODE_SIGN_IDENTITY[sdk=iphoneos*]" = "iPhone Developer";
				INFOPLIST_FILE = LBNewsViewDemo/Info.plist;
				LD_RUNPATH_SEARCH_PATHS = "$(inherited) @executable_path/Frameworks";
				PRODUCT_BUNDLE_IDENTIFIER = com.uplooking.LBNewsViewDemo;
				PRODUCT_NAME = "$(TARGET_NAME)";
				PROVISIONING_PROFILE = "";
			};
			name = Debug;
		};
		D7FC8A091CA968CA00816171 /* Release */ = {
			isa = XCBuildConfiguration;
			buildSettings = {
				ASSETCATALOG_COMPILER_APPICON_NAME = AppIcon;
				CODE_SIGN_IDENTITY = "iPhone Developer";
				"CODE_SIGN_IDENTITY[sdk=iphoneos*]" = "iPhone Developer";
				INFOPLIST_FILE = LBNewsViewDemo/Info.plist;
				LD_RUNPATH_SEARCH_PATHS = "$(inherited) @executable_path/Frameworks";
				PRODUCT_BUNDLE_IDENTIFIER = com.uplooking.LBNewsViewDemo;
				PRODUCT_NAME = "$(TARGET_NAME)";
				PROVISIONING_PROFILE = "";
			};
			name = Release;
		};
/* End XCBuildConfiguration section */

/* Begin XCConfigurationList section */
		D7FC89EB1CA968CA00816171 /* Build configuration list for PBXProject "LBNewsViewDemo" */ = {
			isa = XCConfigurationList;
			buildConfigurations = (
				D7FC8A051CA968CA00816171 /* Debug */,
				D7FC8A061CA968CA00816171 /* Release */,
			);
			defaultConfigurationIsVisible = 0;
			defaultConfigurationName = Release;
		};
		D7FC8A071CA968CA00816171 /* Build configuration list for PBXNativeTarget "LBNewsViewDemo" */ = {
			isa = XCConfigurationList;
			buildConfigurations = (
				D7FC8A081CA968CA00816171 /* Debug */,
				D7FC8A091CA968CA00816171 /* Release */,
			);
			defaultConfigurationIsVisible = 0;
			defaultConfigurationName = Release;
		};
/* End XCConfigurationList section */
	};
	rootObject = D7FC89E81CA968CA00816171 /* Project object */;
}
